// !$*UTF8*$!
{
	archiveVersion = 1;
	classes = {
	};
	objectVersion = 77;
	objects = {

/* Begin PBXBuildFile section */
		571459772DEF632400DBFEAA /* FirebaseCore in Frameworks */ = {isa = PBXBuildFile; productRef = 571459762DEF632400DBFEAA /* FirebaseCore */; };
/* End PBXBuildFile section */

/* Begin PBXContainerItemProxy section */
		57DCC5D52DEF530C004CFF8C /* PBXContainerItemProxy */ = {
			isa = PBXContainerItemProxy;
			containerPortal = 57DCC5BF2DEF530A004CFF8C /* Project object */;
			proxyType = 1;
			remoteGlobalIDString = 57DCC5C62DEF530A004CFF8C;
			remoteInfo = Value;
		};
		57DCC5DF2DEF530C004CFF8C /* PBXContainerItemProxy */ = {
			isa = PBXContainerItemProxy;
			containerPortal = 57DCC5BF2DEF530A004CFF8C /* Project object */;
			proxyType = 1;
			remoteGlobalIDString = 57DCC5C62DEF530A004CFF8C;
			remoteInfo = Value;
		};
/* End PBXContainerItemProxy section */

/* Begin PBXFileReference section */
		57DCC5C72DEF530A004CFF8C /* Value.app */ = {isa = PBXFileReference; explicitFileType = wrapper.application; includeInIndex = 0; path = Value.app; sourceTree = BUILT_PRODUCTS_DIR; };
		57DCC5D42DEF530C004CFF8C /* ValueTests.xctest */ = {isa = PBXFileReference; explicitFileType = wrapper.cfbundle; includeInIndex = 0; path = ValueTests.xctest; sourceTree = BUILT_PRODUCTS_DIR; };
		57DCC5DE2DEF530C004CFF8C /* ValueUITests.xctest */ = {isa = PBXFileReference; explicitFileType = wrapper.cfbundle; includeInIndex = 0; path = ValueUITests.xctest; sourceTree = BUILT_PRODUCTS_DIR; };
/* End PBXFileReference section */

/* Begin PBXFileSystemSynchronizedBuildFileExceptionSet section */
		5714597C2DEF637500DBFEAA /* Exceptions for "Value" folder in "ValueTests" target */ = {
			isa = PBXFileSystemSynchronizedBuildFileExceptionSet;
			membershipExceptions = (
				"GoogleService-Info.plist",
			);
			target = 57DCC5D32DEF530C004CFF8C /* ValueTests */;
		};
		5714597D2DEF637500DBFEAA /* Exceptions for "Value" folder in "ValueUITests" target */ = {
			isa = PBXFileSystemSynchronizedBuildFileExceptionSet;
			membershipExceptions = (
				"GoogleService-Info.plist",
			);
			target = 57DCC5DD2DEF530C004CFF8C /* ValueUITests */;
		};
/* End PBXFileSystemSynchronizedBuildFileExceptionSet section */

/* Begin PBXFileSystemSynchronizedRootGroup section */
		57DCC5C92DEF530A004CFF8C /* Value */ = {
			isa = PBXFileSystemSynchronizedRootGroup;
			exceptions = (
				5714597C2DEF637500DBFEAA /* Exceptions for "Value" folder in "ValueTests" target */,
				5714597D2DEF637500DBFEAA /* Exceptions for "Value" folder in "ValueUITests" target */,
			);
			path = Value;
			sourceTree = "<group>";
		};
		57DCC5D72DEF530C004CFF8C /* ValueTests */ = {
			isa = PBXFileSystemSynchronizedRootGroup;
			path = ValueTests;
			sourceTree = "<group>";
		};
		57DCC5E12DEF530C004CFF8C /* ValueUITests */ = {
			isa = PBXFileSystemSynchronizedRootGroup;
			path = ValueUITests;
			sourceTree = "<group>";
		};
/* End PBXFileSystemSynchronizedRootGroup section */

/* Begin PBXFrameworksBuildPhase section */
		57DCC5C42DEF530A004CFF8C /* Frameworks */ = {
			isa = PBXFrameworksBuildPhase;
			buildActionMask = 2147483647;
			files = (
				571459772DEF632400DBFEAA /* FirebaseCore in Frameworks */,
			);
			runOnlyForDeploymentPostprocessing = 0;
		};
		57DCC5D12DEF530C004CFF8C /* Frameworks */ = {
			isa = PBXFrameworksBuildPhase;
			buildActionMask = 2147483647;
			files = (
			);
			runOnlyForDeploymentPostprocessing = 0;
		};
		57DCC5DB2DEF530C004CFF8C /* Frameworks */ = {
			isa = PBXFrameworksBuildPhase;
			buildActionMask = 2147483647;
			files = (
			);
			runOnlyForDeploymentPostprocessing = 0;
		};
/* End PBXFrameworksBuildPhase section */

/* Begin PBXGroup section */
		57DCC5BE2DEF530A004CFF8C = {
			isa = PBXGroup;
			children = (
				57DCC5C92DEF530A004CFF8C /* Value */,
				57DCC5D72DEF530C004CFF8C /* ValueTests */,
				57DCC5E12DEF530C004CFF8C /* ValueUITests */,
				57DCC5C82DEF530A004CFF8C /* Products */,
			);
			sourceTree = "<group>";
		};
		57DCC5C82DEF530A004CFF8C /* Products */ = {
			isa = PBXGroup;
			children = (
				57DCC5C72DEF530A004CFF8C /* Value.app */,
				57DCC5D42DEF530C004CFF8C /* ValueTests.xctest */,
				57DCC5DE2DEF530C004CFF8C /* ValueUITests.xctest */,
			);
			name = Products;
			sourceTree = "<group>";
		};
/* End PBXGroup section */

/* Begin PBXNativeTarget section */
		57DCC5C62DEF530A004CFF8C /* Value */ = {
			isa = PBXNativeTarget;
			buildConfigurationList = 57DCC5E82DEF530C004CFF8C /* Build configuration list for PBXNativeTarget "Value" */;
			buildPhases = (
				57DCC5C32DEF530A004CFF8C /* Sources */,
				57DCC5C42DEF530A004CFF8C /* Frameworks */,
				57DCC5C52DEF530A004CFF8C /* Resources */,
			);
			buildRules = (
			);
			dependencies = (
			);
			fileSystemSynchronizedGroups = (
				57DCC5C92DEF530A004CFF8C /* Value */,
			);
			name = Value;
			packageProductDependencies = (
				571459762DEF632400DBFEAA /* FirebaseCore */,
			);
			productName = Value;
			productReference = 57DCC5C72DEF530A004CFF8C /* Value.app */;
			productType = "com.apple.product-type.application";
		};
		57DCC5D32DEF530C004CFF8C /* ValueTests */ = {
			isa = PBXNativeTarget;
			buildConfigurationList = 57DCC5EB2DEF530C004CFF8C /* Build configuration list for PBXNativeTarget "ValueTests" */;
			buildPhases = (
				57DCC5D02DEF530C004CFF8C /* Sources */,
				57DCC5D12DEF530C004CFF8C /* Frameworks */,
				57DCC5D22DEF530C004CFF8C /* Resources */,
			);
			buildRules = (
			);
			dependencies = (
				57DCC5D62DEF530C004CFF8C /* PBXTargetDependency */,
			);
			fileSystemSynchronizedGroups = (
				57DCC5D72DEF530C004CFF8C /* ValueTests */,
			);
			name = ValueTests;
			packageProductDependencies = (
			);
			productName = ValueTests;
			productReference = 57DCC5D42DEF530C004CFF8C /* ValueTests.xctest */;
			productType = "com.apple.product-type.bundle.unit-test";
		};
		57DCC5DD2DEF530C004CFF8C /* ValueUITests */ = {
			isa = PBXNativeTarget;
			buildConfigurationList = 57DCC5EE2DEF530C004CFF8C /* Build configuration list for PBXNativeTarget "ValueUITests" */;
			buildPhases = (
				57DCC5DA2DEF530C004CFF8C /* Sources */,
				57DCC5DB2DEF530C004CFF8C /* Frameworks */,
				57DCC5DC2DEF530C004CFF8C /* Resources */,
			);
			buildRules = (
			);
			dependencies = (
				57DCC5E02DEF530C004CFF8C /* PBXTargetDependency */,
			);
			fileSystemSynchronizedGroups = (
				57DCC5E12DEF530C004CFF8C /* ValueUITests */,
			);
			name = ValueUITests;
			packageProductDependencies = (
			);
			productName = ValueUITests;
			productReference = 57DCC5DE2DEF530C004CFF8C /* ValueUITests.xctest */;
			productType = "com.apple.product-type.bundle.ui-testing";
		};
/* End PBXNativeTarget section */

/* Begin PBXProject section */
		57DCC5BF2DEF530A004CFF8C /* Project object */ = {
			isa = PBXProject;
			attributes = {
				BuildIndependentTargetsInParallel = 1;
				LastSwiftUpdateCheck = 1640;
				LastUpgradeCheck = 1640;
				TargetAttributes = {
					57DCC5C62DEF530A004CFF8C = {
						CreatedOnToolsVersion = 16.4;
					};
					57DCC5D32DEF530C004CFF8C = {
						CreatedOnToolsVersion = 16.4;
						TestTargetID = 57DCC5C62DEF530A004CFF8C;
					};
					57DCC5DD2DEF530C004CFF8C = {
						CreatedOnToolsVersion = 16.4;
						TestTargetID = 57DCC5C62DEF530A004CFF8C;
					};
				};
			};
			buildConfigurationList = 57DCC5C22DEF530A004CFF8C /* Build configuration list for PBXProject "Value" */;
			developmentRegion = en;
			hasScannedForEncodings = 0;
			knownRegions = (
				en,
				Base,
			);
			mainGroup = 57DCC5BE2DEF530A004CFF8C;
			minimizedProjectReferenceProxies = 1;
			packageReferences = (
				571459752DEF632400DBFEAA /* XCRemoteSwiftPackageReference "firebase-ios-sdk" */,
			);
			preferredProjectObjectVersion = 77;
			productRefGroup = 57DCC5C82DEF530A004CFF8C /* Products */;
			projectDirPath = "";
			projectRoot = "";
			targets = (
				57DCC5C62DEF530A004CFF8C /* Value */,
				57DCC5D32DEF530C004CFF8C /* ValueTests */,
				57DCC5DD2DEF530C004CFF8C /* ValueUITests */,
			);
		};
/* End PBXProject section */

/* Begin PBXResourcesBuildPhase section */
		57DCC5C52DEF530A004CFF8C /* Resources */ = {
			isa = PBXResourcesBuildPhase;
			buildActionMask = 2147483647;
			files = (
			);
			runOnlyForDeploymentPostprocessing = 0;
		};
		57DCC5D22DEF530C004CFF8C /* Resources */ = {
			isa = PBXResourcesBuildPhase;
			buildActionMask = 2147483647;
			files = (
			);
			runOnlyForDeploymentPostprocessing = 0;
		};
		57DCC5DC2DEF530C004CFF8C /* Resources */ = {
			isa = PBXResourcesBuildPhase;
			buildActionMask = 2147483647;
			files = (
			);
			runOnlyForDeploymentPostprocessing = 0;
		};
/* End PBXResourcesBuildPhase section */

/* Begin PBXSourcesBuildPhase section */
		57DCC5C32DEF530A004CFF8C /* Sources */ = {
			isa = PBXSourcesBuildPhase;
			buildActionMask = 2147483647;
			files = (
			);
			runOnlyForDeploymentPostprocessing = 0;
		};
		57DCC5D02DEF530C004CFF8C /* Sources */ = {
			isa = PBXSourcesBuildPhase;
			buildActionMask = 2147483647;
			files = (
			);
			runOnlyForDeploymentPostprocessing = 0;
		};
		57DCC5DA2DEF530C004CFF8C /* Sources */ = {
			isa = PBXSourcesBuildPhase;
			buildActionMask = 2147483647;
			files = (
			);
			runOnlyForDeploymentPostprocessing = 0;
		};
/* End PBXSourcesBuildPhase section */

/* Begin PBXTargetDependency section */
		57DCC5D62DEF530C004CFF8C /* PBXTargetDependency */ = {
			isa = PBXTargetDependency;
			target = 57DCC5C62DEF530A004CFF8C /* Value */;
			targetProxy = 57DCC5D52DEF530C004CFF8C /* PBXContainerItemProxy */;
		};
		57DCC5E02DEF530C004CFF8C /* PBXTargetDependency */ = {
			isa = PBXTargetDependency;
			target = 57DCC5C62DEF530A004CFF8C /* Value */;
			targetProxy = 57DCC5DF2DEF530C004CFF8C /* PBXContainerItemProxy */;
		};
/* End PBXTargetDependency section */

/* Begin XCBuildConfiguration section */
		57DCC5E62DEF530C004CFF8C /* Debug */ = {
			isa = XCBuildConfiguration;
			buildSettings = {
				ALWAYS_SEARCH_USER_PATHS = NO;
				ASSETCATALOG_COMPILER_GENERATE_SWIFT_ASSET_SYMBOL_EXTENSIONS = YES;
				CLANG_ANALYZER_NONNULL = YES;
				CLANG_ANALYZER_NUMBER_OBJECT_CONVERSION = YES_AGGRESSIVE;
				CLANG_CXX_LANGUAGE_STANDARD = "gnu++20";
				CLANG_ENABLE_MODULES = YES;
				CLANG_ENABLE_OBJC_ARC = YES;
				CLANG_ENABLE_OBJC_WEAK = YES;
				CLANG_WARN_BLOCK_CAPTURE_AUTORELEASING = YES;
				CLANG_WARN_BOOL_CONVERSION = YES;
				CLANG_WARN_COMMA = YES;
				CLANG_WARN_CONSTANT_CONVERSION = YES;
				CLANG_WARN_DEPRECATED_OBJC_IMPLEMENTATIONS = YES;
				CLANG_WARN_DIRECT_OBJC_ISA_USAGE = YES_ERROR;
				CLANG_WARN_DOCUMENTATION_COMMENTS = YES;
				CLANG_WARN_EMPTY_BODY = YES;
				CLANG_WARN_ENUM_CONVERSION = YES;
				CLANG_WARN_INFINITE_RECURSION = YES;
				CLANG_WARN_INT_CONVERSION = YES;
				CLANG_WARN_NON_LITERAL_NULL_CONVERSION = YES;
				CLANG_WARN_OBJC_IMPLICIT_RETAIN_SELF = YES;
				CLANG_WARN_OBJC_LITERAL_CONVERSION = YES;
				CLANG_WARN_OBJC_ROOT_CLASS = YES_ERROR;
				CLANG_WARN_QUOTED_INCLUDE_IN_FRAMEWORK_HEADER = YES;
				CLANG_WARN_RANGE_LOOP_ANALYSIS = YES;
				CLANG_WARN_STRICT_PROTOTYPES = YES;
				CLANG_WARN_SUSPICIOUS_MOVE = YES;
				CLANG_WARN_UNGUARDED_AVAILABILITY = YES_AGGRESSIVE;
				CLANG_WARN_UNREACHABLE_CODE = YES;
				CLANG_WARN__DUPLICATE_METHOD_MATCH = YES;
				COPY_PHASE_STRIP = NO;
				DEBUG_INFORMATION_FORMAT = dwarf;
				DEVELOPMENT_TEAM = 9CA23RT974;
				ENABLE_STRICT_OBJC_MSGSEND = YES;
				ENABLE_TESTABILITY = YES;
				ENABLE_USER_SCRIPT_SANDBOXING = YES;
				GCC_C_LANGUAGE_STANDARD = gnu17;
				GCC_DYNAMIC_NO_PIC = NO;
				GCC_NO_COMMON_BLOCKS = YES;
				GCC_OPTIMIZATION_LEVEL = 0;
				GCC_PREPROCESSOR_DEFINITIONS = (
					"DEBUG=1",
					"$(inherited)",
				);
				GCC_WARN_64_TO_32_BIT_CONVERSION = YES;
				GCC_WARN_ABOUT_RETURN_TYPE = YES_ERROR;
				GCC_WARN_UNDECLARED_SELECTOR = YES;
				GCC_WARN_UNINITIALIZED_AUTOS = YES_AGGRESSIVE;
				GCC_WARN_UNUSED_FUNCTION = YES;
				GCC_WARN_UNUSED_VARIABLE = YES;
				IPHONEOS_DEPLOYMENT_TARGET = 18.5;
				LOCALIZATION_PREFERS_STRING_CATALOGS = YES;
				MTL_ENABLE_DEBUG_INFO = INCLUDE_SOURCE;
				MTL_FAST_MATH = YES;
				ONLY_ACTIVE_ARCH = YES;
				SDKROOT = iphoneos;
				SWIFT_ACTIVE_COMPILATION_CONDITIONS = "DEBUG $(inherited)";
				SWIFT_OPTIMIZATION_LEVEL = "-Onone";
			};
			name = Debug;
		};
		57DCC5E72DEF530C004CFF8C /* Release */ = {
			isa = XCBuildConfiguration;
			buildSettings = {
				ALWAYS_SEARCH_USER_PATHS = NO;
				ASSETCATALOG_COMPILER_GENERATE_SWIFT_ASSET_SYMBOL_EXTENSIONS = YES;
				CLANG_ANALYZER_NONNULL = YES;
				CLANG_ANALYZER_NUMBER_OBJECT_CONVERSION = YES_AGGRESSIVE;
				CLANG_CXX_LANGUAGE_STANDARD = "gnu++20";
				CLANG_ENABLE_MODULES = YES;
				CLANG_ENABLE_OBJC_ARC = YES;
				CLANG_ENABLE_OBJC_WEAK = YES;
				CLANG_WARN_BLOCK_CAPTURE_AUTORELEASING = YES;
				CLANG_WARN_BOOL_CONVERSION = YES;
				CLANG_WARN_COMMA = YES;
				CLANG_WARN_CONSTANT_CONVERSION = YES;
				CLANG_WARN_DEPRECATED_OBJC_IMPLEMENTATIONS = YES;
				CLANG_WARN_DIRECT_OBJC_ISA_USAGE = YES_ERROR;
				CLANG_WARN_DOCUMENTATION_COMMENTS = YES;
				CLANG_WARN_EMPTY_BODY = YES;
				CLANG_WARN_ENUM_CONVERSION = YES;
				CLANG_WARN_INFINITE_RECURSION = YES;
				CLANG_WARN_INT_CONVERSION = YES;
				CLANG_WARN_NON_LITERAL_NULL_CONVERSION = YES;
				CLANG_WARN_OBJC_IMPLICIT_RETAIN_SELF = YES;
				CLANG_WARN_OBJC_LITERAL_CONVERSION = YES;
				CLANG_WARN_OBJC_ROOT_CLASS = YES_ERROR;
				CLANG_WARN_QUOTED_INCLUDE_IN_FRAMEWORK_HEADER = YES;
				CLANG_WARN_RANGE_LOOP_ANALYSIS = YES;
				CLANG_WARN_STRICT_PROTOTYPES = YES;
				CLANG_WARN_SUSPICIOUS_MOVE = YES;
				CLANG_WARN_UNGUARDED_AVAILABILITY = YES_AGGRESSIVE;
				CLANG_WARN_UNREACHABLE_CODE = YES;
				CLANG_WARN__DUPLICATE_METHOD_MATCH = YES;
				COPY_PHASE_STRIP = NO;
				DEBUG_INFORMATION_FORMAT = "dwarf-with-dsym";
				DEVELOPMENT_TEAM = 9CA23RT974;
				ENABLE_NS_ASSERTIONS = NO;
				ENABLE_STRICT_OBJC_MSGSEND = YES;
				ENABLE_USER_SCRIPT_SANDBOXING = YES;
				GCC_C_LANGUAGE_STANDARD = gnu17;
				GCC_NO_COMMON_BLOCKS = YES;
				GCC_WARN_64_TO_32_BIT_CONVERSION = YES;
				GCC_WARN_ABOUT_RETURN_TYPE = YES_ERROR;
				GCC_WARN_UNDECLARED_SELECTOR = YES;
				GCC_WARN_UNINITIALIZED_AUTOS = YES_AGGRESSIVE;
				GCC_WARN_UNUSED_FUNCTION = YES;
				GCC_WARN_UNUSED_VARIABLE = YES;
				IPHONEOS_DEPLOYMENT_TARGET = 18.5;
				LOCALIZATION_PREFERS_STRING_CATALOGS = YES;
				MTL_ENABLE_DEBUG_INFO = NO;
				MTL_FAST_MATH = YES;
				SDKROOT = iphoneos;
				SWIFT_COMPILATION_MODE = wholemodule;
				VALIDATE_PRODUCT = YES;
			};
			name = Release;
		};
		57DCC5E92DEF530C004CFF8C /* Debug */ = {
			isa = XCBuildConfiguration;
			buildSettings = {
				ASSETCATALOG_COMPILER_APPICON_NAME = AppIcon;
				ASSETCATALOG_COMPILER_GLOBAL_ACCENT_COLOR_NAME = AccentColor;
				CODE_SIGN_STYLE = Automatic;
				CURRENT_PROJECT_VERSION = 1;
				DEVELOPMENT_TEAM = 9CA23RT974;
				ENABLE_PREVIEWS = YES;
				GENERATE_INFOPLIST_FILE = YES;
				INFOPLIST_KEY_UIApplicationSceneManifest_Generation = YES;
				INFOPLIST_KEY_UIApplicationSupportsIndirectInputEvents = YES;
				INFOPLIST_KEY_UILaunchScreen_Generation = YES;
				INFOPLIST_KEY_UISupportedInterfaceOrientations_iPad = "UIInterfaceOrientationPortrait UIInterfaceOrientationPortraitUpsideDown UIInterfaceOrientationLandscapeLeft UIInterfaceOrientationLandscapeRight";
				INFOPLIST_KEY_UISupportedInterfaceOrientations_iPhone = "UIInterfaceOrientationPortrait UIInterfaceOrientationLandscapeLeft UIInterfaceOrientationLandscapeRight";
				LD_RUNPATH_SEARCH_PATHS = (
					"$(inherited)",
					"@executable_path/Frameworks",
				);
				MARKETING_VERSION = 1.0;
				PRODUCT_BUNDLE_IDENTIFIER = com.comp396.Value;
				PRODUCT_NAME = "$(TARGET_NAME)";
				SWIFT_EMIT_LOC_STRINGS = YES;
				SWIFT_VERSION = 5.0;
				TARGETED_DEVICE_FAMILY = "1,2";
			};
			name = Debug;
		};
		57DCC5EA2DEF530C004CFF8C /* Release */ = {
			isa = XCBuildConfiguration;
			buildSettings = {
				ASSETCATALOG_COMPILER_APPICON_NAME = AppIcon;
				ASSETCATALOG_COMPILER_GLOBAL_ACCENT_COLOR_NAME = AccentColor;
				CODE_SIGN_STYLE = Automatic;
				CURRENT_PROJECT_VERSION = 1;
				DEVELOPMENT_TEAM = 9CA23RT974;
				ENABLE_PREVIEWS = YES;
				GENERATE_INFOPLIST_FILE = YES;
				INFOPLIST_KEY_UIApplicationSceneManifest_Generation = YES;
				INFOPLIST_KEY_UIApplicationSupportsIndirectInputEvents = YES;
				INFOPLIST_KEY_UILaunchScreen_Generation = YES;
				INFOPLIST_KEY_UISupportedInterfaceOrientations_iPad = "UIInterfaceOrientationPortrait UIInterfaceOrientationPortraitUpsideDown UIInterfaceOrientationLandscapeLeft UIInterfaceOrientationLandscapeRight";
				INFOPLIST_KEY_UISupportedInterfaceOrientations_iPhone = "UIInterfaceOrientationPortrait UIInterfaceOrientationLandscapeLeft UIInterfaceOrientationLandscapeRight";
				LD_RUNPATH_SEARCH_PATHS = (
					"$(inherited)",
					"@executable_path/Frameworks",
				);
				MARKETING_VERSION = 1.0;
				PRODUCT_BUNDLE_IDENTIFIER = com.comp396.Value;
				PRODUCT_NAME = "$(TARGET_NAME)";
				SWIFT_EMIT_LOC_STRINGS = YES;
				SWIFT_VERSION = 5.0;
				TARGETED_DEVICE_FAMILY = "1,2";
			};
			name = Release;
		};
		57DCC5EC2DEF530C004CFF8C /* Debug */ = {
			isa = XCBuildConfiguration;
			buildSettings = {
				BUNDLE_LOADER = "$(TEST_HOST)";
				CODE_SIGN_STYLE = Automatic;
				CURRENT_PROJECT_VERSION = 1;
				DEVELOPMENT_TEAM = 9CA23RT974;
				GENERATE_INFOPLIST_FILE = YES;
				IPHONEOS_DEPLOYMENT_TARGET = 18.5;
				MARKETING_VERSION = 1.0;
				PRODUCT_BUNDLE_IDENTIFIER = com.comp396.ValueTests;
				PRODUCT_NAME = "$(TARGET_NAME)";
				SWIFT_EMIT_LOC_STRINGS = NO;
				SWIFT_VERSION = 5.0;
				TARGETED_DEVICE_FAMILY = "1,2";
				TEST_HOST = "$(BUILT_PRODUCTS_DIR)/Value.app/$(BUNDLE_EXECUTABLE_FOLDER_PATH)/Value";
			};
			name = Debug;
		};
		57DCC5ED2DEF530C004CFF8C /* Release */ = {
			isa = XCBuildConfiguration;
			buildSettings = {
				BUNDLE_LOADER = "$(TEST_HOST)";
				CODE_SIGN_STYLE = Automatic;
				CURRENT_PROJECT_VERSION = 1;
				DEVELOPMENT_TEAM = 9CA23RT974;
				GENERATE_INFOPLIST_FILE = YES;
				IPHONEOS_DEPLOYMENT_TARGET = 18.5;
				MARKETING_VERSION = 1.0;
				PRODUCT_BUNDLE_IDENTIFIER = com.comp396.ValueTests;
				PRODUCT_NAME = "$(TARGET_NAME)";
				SWIFT_EMIT_LOC_STRINGS = NO;
				SWIFT_VERSION = 5.0;
				TARGETED_DEVICE_FAMILY = "1,2";
				TEST_HOST = "$(BUILT_PRODUCTS_DIR)/Value.app/$(BUNDLE_EXECUTABLE_FOLDER_PATH)/Value";
			};
			name = Release;
		};
		57DCC5EF2DEF530C004CFF8C /* Debug */ = {
			isa = XCBuildConfiguration;
			buildSettings = {
				CODE_SIGN_STYLE = Automatic;
				CURRENT_PROJECT_VERSION = 1;
				DEVELOPMENT_TEAM = 9CA23RT974;
				GENERATE_INFOPLIST_FILE = YES;
				MARKETING_VERSION = 1.0;
				PRODUCT_BUNDLE_IDENTIFIER = com.comp396.ValueUITests;
				PRODUCT_NAME = "$(TARGET_NAME)";
				SWIFT_EMIT_LOC_STRINGS = NO;
				SWIFT_VERSION = 5.0;
				TARGETED_DEVICE_FAMILY = "1,2";
				TEST_TARGET_NAME = Value;
			};
			name = Debug;
		};
		57DCC5F02DEF530C004CFF8C /* Release */ = {
			isa = XCBuildConfiguration;
			buildSettings = {
				CODE_SIGN_STYLE = Automatic;
				CURRENT_PROJECT_VERSION = 1;
				DEVELOPMENT_TEAM = 9CA23RT974;
				GENERATE_INFOPLIST_FILE = YES;
				MARKETING_VERSION = 1.0;
				PRODUCT_BUNDLE_IDENTIFIER = com.comp396.ValueUITests;
				PRODUCT_NAME = "$(TARGET_NAME)";
				SWIFT_EMIT_LOC_STRINGS = NO;
				SWIFT_VERSION = 5.0;
				TARGETED_DEVICE_FAMILY = "1,2";
				TEST_TARGET_NAME = Value;
			};
			name = Release;
		};
/* End XCBuildConfiguration section */

/* Begin XCConfigurationList section */
		57DCC5C22DEF530A004CFF8C /* Build configuration list for PBXProject "Value" */ = {
			isa = XCConfigurationList;
			buildConfigurations = (
				57DCC5E62DEF530C004CFF8C /* Debug */,
				57DCC5E72DEF530C004CFF8C /* Release */,
			);
			defaultConfigurationIsVisible = 0;
			defaultConfigurationName = Release;
		};
		57DCC5E82DEF530C004CFF8C /* Build configuration list for PBXNativeTarget "Value" */ = {
			isa = XCConfigurationList;
			buildConfigurations = (
				57DCC5E92DEF530C004CFF8C /* Debug */,
				57DCC5EA2DEF530C004CFF8C /* Release */,
			);
			defaultConfigurationIsVisible = 0;
			defaultConfigurationName = Release;
		};
		57DCC5EB2DEF530C004CFF8C /* Build configuration list for PBXNativeTarget "ValueTests" */ = {
			isa = XCConfigurationList;
			buildConfigurations = (
				57DCC5EC2DEF530C004CFF8C /* Debug */,
				57DCC5ED2DEF530C004CFF8C /* Release */,
			);
			defaultConfigurationIsVisible = 0;
			defaultConfigurationName = Release;
		};
		57DCC5EE2DEF530C004CFF8C /* Build configuration list for PBXNativeTarget "ValueUITests" */ = {
			isa = XCConfigurationList;
			buildConfigurations = (
				57DCC5EF2DEF530C004CFF8C /* Debug */,
				57DCC5F02DEF530C004CFF8C /* Release */,
			);
			defaultConfigurationIsVisible = 0;
			defaultConfigurationName = Release;
		};
/* End XCConfigurationList section */

/* Begin XCRemoteSwiftPackageReference section */
		571459752DEF632400DBFEAA /* XCRemoteSwiftPackageReference "firebase-ios-sdk" */ = {
			isa = XCRemoteSwiftPackageReference;
			repositoryURL = "https://github.com/firebase/firebase-ios-sdk";
			requirement = {
				kind = upToNextMajorVersion;
				minimumVersion = 11.13.0;
			};
		};
/* End XCRemoteSwiftPackageReference section */

/* Begin XCSwiftPackageProductDependency section */
		571459762DEF632400DBFEAA /* FirebaseCore */ = {
			isa = XCSwiftPackageProductDependency;
			package = 571459752DEF632400DBFEAA /* XCRemoteSwiftPackageReference "firebase-ios-sdk" */;
			productName = FirebaseCore;
		};
/* End XCSwiftPackageProductDependency section */
	};
	rootObject = 57DCC5BF2DEF530A004CFF8C /* Project object */;
}
